
Microsoft Visual Studio Solution File, Format Version 12.00
# Visual Studio Version 16
VisualStudioVersion = 16.0.34031.81
MinimumVisualStudioVersion = 10.0.40219.1
Project("{FAE04EC0-301F-11D3-BF4B-00C04F79EFBC}") = "SpeedConfig", "SpeedConfig.csproj", "{44D87B87-08C2-4FB5-AB01-BD4B4B0BF55E}"
EndProject
Global
	GlobalSection(SolutionConfigurationPlatforms) = preSolution
		Debug|Any CPU = Debug|Any CPU
		Release|Any CPU = Release|Any CPU
	EndGlobalSection
	GlobalSection(ProjectConfigurationPlatforms) = postSolution
		{44D87B87-08C2-4FB5-AB01-BD4B4B0BF55E}.Debug|Any CPU.ActiveCfg = Debug|Any CPU
		{44D87B87-08C2-4FB5-AB01-BD4B4B0BF55E}.Debug|Any CPU.Build.0 = Debug|Any CPU
		{44D87B87-08C2-4FB5-AB01-BD4B4B0BF55E}.Release|Any CPU.ActiveCfg = Release|Any CPU
		{44D87B87-08C2-4FB5-AB01-BD4B4B0BF55E}.Release|Any CPU.Build.0 = Release|Any CPU
	EndGlobalSection
	GlobalSection(SolutionProperties) = preSolution
		HideSolutionNode = FALSE
	EndGlobalSection
	GlobalSection(ExtensibilityGlobals) = postSolution
		SolutionGuid = {D075078E-9C74-4E9E-9543-41EA631BAD34}
	EndGlobalSection
EndGlobal
